
Microsoft Visual Studio Solution File, Format Version 12.00
# Visual Studio Version 17
VisualStudioVersion = 17.5.002.0
MinimumVisualStudioVersion = 10.0.40219.1
Project("{9A19103F-16F7-4668-BE54-9A1E7A4F7556}") = "PrimerProyecto", "PrimerProyecto.csproj", "{D39D3536-9D11-4845-83AD-B3EF830016B5}"
EndProject
Global
	GlobalSection(SolutionConfigurationPlatforms) = preSolution
		Debug|Any CPU = Debug|Any CPU
		Release|Any CPU = Release|Any CPU
	EndGlobalSection
	GlobalSection(ProjectConfigurationPlatforms) = postSolution
		{D39D3536-9D11-4845-83AD-B3EF830016B5}.Debug|Any CPU.ActiveCfg = Debug|Any CPU
		{D39D3536-9D11-4845-83AD-B3EF830016B5}.Debug|Any CPU.Build.0 = Debug|Any CPU
		{D39D3536-9D11-4845-83AD-B3EF830016B5}.Release|Any CPU.ActiveCfg = Release|Any CPU
		{D39D3536-9D11-4845-83AD-B3EF830016B5}.Release|Any CPU.Build.0 = Release|Any CPU
	EndGlobalSection
	GlobalSection(SolutionProperties) = preSolution
		HideSolutionNode = FALSE
	EndGlobalSection
	GlobalSection(ExtensibilityGlobals) = postSolution
		SolutionGuid = {E9A8F374-FC7B-4B9B-A273-64DA56EB5996}
	EndGlobalSection
EndGlobal
